// !$*UTF8*$!
{
	archiveVersion = 1;
	classes = {
	};
	objectVersion = 56;
	objects = {

/* Begin PBXBuildFile section */
		7D2210232A9300CB000AF30F /* FingerPaint-Regular.ttf in Resources */ = {isa = PBXBuildFile; fileRef = 7D2210222A9300CB000AF30F /* FingerPaint-Regular.ttf */; };
		7D2210292A937A19000AF30F /* Phone.swift in Sources */ = {isa = PBXBuildFile; fileRef = 7D2210282A937A19000AF30F /* Phone.swift */; };
		7DAC07192A7A00AB00D9EF5D /* toy_drummer_idle.usdz in Resources */ = {isa = PBXBuildFile; fileRef = 7DAC07182A7A00AB00D9EF5D /* toy_drummer_idle.usdz */; };
		7DAC071B2A7A06F100D9EF5D /* metal_detector.usdz in Resources */ = {isa = PBXBuildFile; fileRef = 7DAC071A2A7A06F100D9EF5D /* metal_detector.usdz */; };
		7DEE19542A84818400E804B1 /* far.mp3 in Resources */ = {isa = PBXBuildFile; fileRef = 7DEE19532A84818400E804B1 /* far.mp3 */; };
		9302993D2A80844900EF5662 /* SoundManager.swift in Sources */ = {isa = PBXBuildFile; fileRef = 9302993C2A80844900EF5662 /* SoundManager.swift */; };
		9302993F2A8086A500EF5662 /* MetalDetectorStateEnum.swift in Sources */ = {isa = PBXBuildFile; fileRef = 9302993E2A8086A500EF5662 /* MetalDetectorStateEnum.swift */; };
		930299452A808FEB00EF5662 /* close.mp3 in Resources */ = {isa = PBXBuildFile; fileRef = 930299422A808FEB00EF5662 /* close.mp3 */; };
		9302994A2A82011F00EF5662 /* GameViewModel+Location.swift in Sources */ = {isa = PBXBuildFile; fileRef = 930299492A82011F00EF5662 /* GameViewModel+Location.swift */; };
		9302994C2A82015D00EF5662 /* GameViewModel+Game.swift in Sources */ = {isa = PBXBuildFile; fileRef = 9302994B2A82015D00EF5662 /* GameViewModel+Game.swift */; };
		9302994E2A82666B00EF5662 /* GameData.swift in Sources */ = {isa = PBXBuildFile; fileRef = 9302994D2A82666B00EF5662 /* GameData.swift */; };
		931EBD962A79E3F200C7F88D /* AppDelegate.swift in Sources */ = {isa = PBXBuildFile; fileRef = 931EBD952A79E3F200C7F88D /* AppDelegate.swift */; };
		931EBD982A79E3F200C7F88D /* ContentView.swift in Sources */ = {isa = PBXBuildFile; fileRef = 931EBD972A79E3F200C7F88D /* ContentView.swift */; };
		931EBD9A2A79E3F200C7F88D /* Experience.rcproject in Sources */ = {isa = PBXBuildFile; fileRef = 931EBD992A79E3F200C7F88D /* Experience.rcproject */; };
		931EBD9C2A79E3F300C7F88D /* Assets.xcassets in Resources */ = {isa = PBXBuildFile; fileRef = 931EBD9B2A79E3F300C7F88D /* Assets.xcassets */; };
		931EBD9F2A79E3F300C7F88D /* Preview Assets.xcassets in Resources */ = {isa = PBXBuildFile; fileRef = 931EBD9E2A79E3F300C7F88D /* Preview Assets.xcassets */; };
		931EBDA72A79E49600C7F88D /* SampleCode.xcconfig in Resources */ = {isa = PBXBuildFile; fileRef = 931EBDA62A79E49600C7F88D /* SampleCode.xcconfig */; };
		931EBDC52A7A151100C7F88D /* CLLocationDegrees+Ext.swift in Sources */ = {isa = PBXBuildFile; fileRef = 931EBDC42A7A151100C7F88D /* CLLocationDegrees+Ext.swift */; };
		93269D232A97884200BB40EF /* HapticManager.swift in Sources */ = {isa = PBXBuildFile; fileRef = 93269D222A97884200BB40EF /* HapticManager.swift */; };
		932DF1A52A7CB5EB0063AE0F /* MotionManager.swift in Sources */ = {isa = PBXBuildFile; fileRef = 932DF1A42A7CB5EB0063AE0F /* MotionManager.swift */; };
		93786FCD2A89CF2C00603DAC /* treasure.usdz in Resources */ = {isa = PBXBuildFile; fileRef = 93786FCC2A89CF2C00603DAC /* treasure.usdz */; };
		937C95162A8B12CA00A04098 /* Entity+Ext.swift in Sources */ = {isa = PBXBuildFile; fileRef = 937C95152A8B12CA00A04098 /* Entity+Ext.swift */; };
		93A94DA62A847D1D0022A882 /* MainMenuView.swift in Sources */ = {isa = PBXBuildFile; fileRef = 93A94DA52A847D1D0022A882 /* MainMenuView.swift */; };
		93A94DA82A8480310022A882 /* EndGameView.swift in Sources */ = {isa = PBXBuildFile; fileRef = 93A94DA72A8480310022A882 /* EndGameView.swift */; };
		93A94DAA2A8490D70022A882 /* DateComponents+Ext.swift in Sources */ = {isa = PBXBuildFile; fileRef = 93A94DA92A8490D70022A882 /* DateComponents+Ext.swift */; };
		93A94DAC2A85DACB0022A882 /* GameViewModel+ARMultipeer.swift in Sources */ = {isa = PBXBuildFile; fileRef = 93A94DAB2A85DACB0022A882 /* GameViewModel+ARMultipeer.swift */; };
		93A94DAE2A85F5670022A882 /* clock_tick_sfx.mp3 in Resources */ = {isa = PBXBuildFile; fileRef = 93A94DAD2A85F5670022A882 /* clock_tick_sfx.mp3 */; };
		93A94DB42A88990E0022A882 /* LobbyView.swift in Sources */ = {isa = PBXBuildFile; fileRef = 93A94DB32A88990E0022A882 /* LobbyView.swift */; };
		93A94DB62A88B2590022A882 /* RoomCreatedView.swift in Sources */ = {isa = PBXBuildFile; fileRef = 93A94DB52A88B2590022A882 /* RoomCreatedView.swift */; };
		93A94DBA2A89C73B0022A882 /* Peer.swift in Sources */ = {isa = PBXBuildFile; fileRef = 93A94DB92A89C73B0022A882 /* Peer.swift */; };
		93A94DD82A8A26220022A882 /* MultipeerManager.swift in Sources */ = {isa = PBXBuildFile; fileRef = 93A94DD72A8A26220022A882 /* MultipeerManager.swift */; };
		93A94DDD2A8B6BC60022A882 /* Player.swift in Sources */ = {isa = PBXBuildFile; fileRef = 93A94DDC2A8B6BC60022A882 /* Player.swift */; };
		93A94DE62A9376FC0022A882 /* UIApplication+Ext.swift in Sources */ = {isa = PBXBuildFile; fileRef = 93A94DE52A9376FC0022A882 /* UIApplication+Ext.swift */; };
		93A9F7BD2A7C9E4A00823CF5 /* Treasure.swift in Sources */ = {isa = PBXBuildFile; fileRef = 93A9F7BC2A7C9E4A00823CF5 /* Treasure.swift */; };
		93B72C322A81E0C40063DBCE /* treasure_discovery_sfx.mp3 in Resources */ = {isa = PBXBuildFile; fileRef = 93B72C302A81E0C40063DBCE /* treasure_discovery_sfx.mp3 */; };
		93B72C342A81E7540063DBCE /* GameARView+Gestures.swift in Sources */ = {isa = PBXBuildFile; fileRef = 93B72C332A81E7540063DBCE /* GameARView+Gestures.swift */; };
		93B72C362A81ECED0063DBCE /* ARViewContainer.swift in Sources */ = {isa = PBXBuildFile; fileRef = 93B72C352A81ECED0063DBCE /* ARViewContainer.swift */; };
		93B72C382A81ED510063DBCE /* GameARView.swift in Sources */ = {isa = PBXBuildFile; fileRef = 93B72C372A81ED510063DBCE /* GameARView.swift */; };
		93B72C3D2A8323250063DBCE /* TreasureAREntity.swift in Sources */ = {isa = PBXBuildFile; fileRef = 93B72C3C2A8323250063DBCE /* TreasureAREntity.swift */; };
		93C2C7ED2A7A082400A008A1 /* LocationManager.swift in Sources */ = {isa = PBXBuildFile; fileRef = 93C2C7EC2A7A082400A008A1 /* LocationManager.swift */; };
		93C2C8062A7C8F1F00A008A1 /* GameViewModel.swift in Sources */ = {isa = PBXBuildFile; fileRef = 93C2C8052A7C8F1F00A008A1 /* GameViewModel.swift */; };
		93CA123B2A91E8E900F4EE37 /* simd+Helpers.swift in Sources */ = {isa = PBXBuildFile; fileRef = 93CA123A2A91E8E900F4EE37 /* simd+Helpers.swift */; };
/* End PBXBuildFile section */

/* Begin PBXFileReference section */
		7D2210222A9300CB000AF30F /* FingerPaint-Regular.ttf */ = {isa = PBXFileReference; lastKnownFileType = file; path = "FingerPaint-Regular.ttf"; sourceTree = "<group>"; };
		7D2210282A937A19000AF30F /* Phone.swift */ = {isa = PBXFileReference; lastKnownFileType = sourcecode.swift; path = Phone.swift; sourceTree = "<group>"; };
		7DAC07182A7A00AB00D9EF5D /* toy_drummer_idle.usdz */ = {isa = PBXFileReference; lastKnownFileType = file.usdz; path = toy_drummer_idle.usdz; sourceTree = "<group>"; };
		7DAC071A2A7A06F100D9EF5D /* metal_detector.usdz */ = {isa = PBXFileReference; lastKnownFileType = file.usdz; path = metal_detector.usdz; sourceTree = "<group>"; };
		7DEE19532A84818400E804B1 /* far.mp3 */ = {isa = PBXFileReference; lastKnownFileType = audio.mp3; path = far.mp3; sourceTree = "<group>"; };
		9302993C2A80844900EF5662 /* SoundManager.swift */ = {isa = PBXFileReference; lastKnownFileType = sourcecode.swift; path = SoundManager.swift; sourceTree = "<group>"; };
		9302993E2A8086A500EF5662 /* MetalDetectorStateEnum.swift */ = {isa = PBXFileReference; lastKnownFileType = sourcecode.swift; path = MetalDetectorStateEnum.swift; sourceTree = "<group>"; };
		930299422A808FEB00EF5662 /* close.mp3 */ = {isa = PBXFileReference; lastKnownFileType = audio.mp3; path = close.mp3; sourceTree = "<group>"; };
		930299492A82011F00EF5662 /* GameViewModel+Location.swift */ = {isa = PBXFileReference; lastKnownFileType = sourcecode.swift; path = "GameViewModel+Location.swift"; sourceTree = "<group>"; };
		9302994B2A82015D00EF5662 /* GameViewModel+Game.swift */ = {isa = PBXFileReference; lastKnownFileType = sourcecode.swift; path = "GameViewModel+Game.swift"; sourceTree = "<group>"; };
		9302994D2A82666B00EF5662 /* GameData.swift */ = {isa = PBXFileReference; lastKnownFileType = sourcecode.swift; path = GameData.swift; sourceTree = "<group>"; };
		931EBD922A79E3F200C7F88D /* TreasureHunt.app */ = {isa = PBXFileReference; explicitFileType = wrapper.application; includeInIndex = 0; path = TreasureHunt.app; sourceTree = BUILT_PRODUCTS_DIR; };
		931EBD952A79E3F200C7F88D /* AppDelegate.swift */ = {isa = PBXFileReference; lastKnownFileType = sourcecode.swift; path = AppDelegate.swift; sourceTree = "<group>"; };
		931EBD972A79E3F200C7F88D /* ContentView.swift */ = {isa = PBXFileReference; lastKnownFileType = sourcecode.swift; path = ContentView.swift; sourceTree = "<group>"; };
		931EBD992A79E3F200C7F88D /* Experience.rcproject */ = {isa = PBXFileReference; lastKnownFileType = file.rcproject; path = Experience.rcproject; sourceTree = "<group>"; };
		931EBD9B2A79E3F300C7F88D /* Assets.xcassets */ = {isa = PBXFileReference; lastKnownFileType = folder.assetcatalog; path = Assets.xcassets; sourceTree = "<group>"; };
		931EBD9E2A79E3F300C7F88D /* Preview Assets.xcassets */ = {isa = PBXFileReference; lastKnownFileType = folder.assetcatalog; path = "Preview Assets.xcassets"; sourceTree = "<group>"; };
		931EBDA62A79E49600C7F88D /* SampleCode.xcconfig */ = {isa = PBXFileReference; fileEncoding = 4; lastKnownFileType = text.xcconfig; path = SampleCode.xcconfig; sourceTree = "<group>"; };
		931EBDC42A7A151100C7F88D /* CLLocationDegrees+Ext.swift */ = {isa = PBXFileReference; lastKnownFileType = sourcecode.swift; path = "CLLocationDegrees+Ext.swift"; sourceTree = "<group>"; };
		93269D222A97884200BB40EF /* HapticManager.swift */ = {isa = PBXFileReference; lastKnownFileType = sourcecode.swift; path = HapticManager.swift; sourceTree = "<group>"; };
		932DF1A42A7CB5EB0063AE0F /* MotionManager.swift */ = {isa = PBXFileReference; fileEncoding = 4; lastKnownFileType = sourcecode.swift; name = MotionManager.swift; path = TreasureHunt/Utilities/MotionManager.swift; sourceTree = SOURCE_ROOT; };
		93786FCC2A89CF2C00603DAC /* treasure.usdz */ = {isa = PBXFileReference; lastKnownFileType = file.usdz; path = treasure.usdz; sourceTree = "<group>"; };
		937C95152A8B12CA00A04098 /* Entity+Ext.swift */ = {isa = PBXFileReference; lastKnownFileType = sourcecode.swift; path = "Entity+Ext.swift"; sourceTree = "<group>"; };
		93A94DA52A847D1D0022A882 /* MainMenuView.swift */ = {isa = PBXFileReference; lastKnownFileType = sourcecode.swift; path = MainMenuView.swift; sourceTree = "<group>"; };
		93A94DA72A8480310022A882 /* EndGameView.swift */ = {isa = PBXFileReference; lastKnownFileType = sourcecode.swift; path = EndGameView.swift; sourceTree = "<group>"; };
		93A94DA92A8490D70022A882 /* DateComponents+Ext.swift */ = {isa = PBXFileReference; lastKnownFileType = sourcecode.swift; path = "DateComponents+Ext.swift"; sourceTree = "<group>"; };
		93A94DAB2A85DACB0022A882 /* GameViewModel+ARMultipeer.swift */ = {isa = PBXFileReference; lastKnownFileType = sourcecode.swift; path = "GameViewModel+ARMultipeer.swift"; sourceTree = "<group>"; };
		93A94DAD2A85F5670022A882 /* clock_tick_sfx.mp3 */ = {isa = PBXFileReference; lastKnownFileType = audio.mp3; path = clock_tick_sfx.mp3; sourceTree = "<group>"; };
		93A94DAF2A8634B50022A882 /* Info.plist */ = {isa = PBXFileReference; lastKnownFileType = text.plist.xml; path = Info.plist; sourceTree = "<group>"; };
		93A94DB32A88990E0022A882 /* LobbyView.swift */ = {isa = PBXFileReference; lastKnownFileType = sourcecode.swift; path = LobbyView.swift; sourceTree = "<group>"; };
		93A94DB52A88B2590022A882 /* RoomCreatedView.swift */ = {isa = PBXFileReference; lastKnownFileType = sourcecode.swift; path = RoomCreatedView.swift; sourceTree = "<group>"; };
		93A94DB92A89C73B0022A882 /* Peer.swift */ = {isa = PBXFileReference; lastKnownFileType = sourcecode.swift; path = Peer.swift; sourceTree = "<group>"; };
		93A94DD72A8A26220022A882 /* MultipeerManager.swift */ = {isa = PBXFileReference; lastKnownFileType = sourcecode.swift; path = MultipeerManager.swift; sourceTree = "<group>"; };
		93A94DDC2A8B6BC60022A882 /* Player.swift */ = {isa = PBXFileReference; lastKnownFileType = sourcecode.swift; path = Player.swift; sourceTree = "<group>"; };
		93A94DE52A9376FC0022A882 /* UIApplication+Ext.swift */ = {isa = PBXFileReference; lastKnownFileType = sourcecode.swift; path = "UIApplication+Ext.swift"; sourceTree = "<group>"; };
		93A9F7BC2A7C9E4A00823CF5 /* Treasure.swift */ = {isa = PBXFileReference; lastKnownFileType = sourcecode.swift; path = Treasure.swift; sourceTree = "<group>"; };
		93B72C302A81E0C40063DBCE /* treasure_discovery_sfx.mp3 */ = {isa = PBXFileReference; lastKnownFileType = audio.mp3; path = treasure_discovery_sfx.mp3; sourceTree = "<group>"; };
		93B72C332A81E7540063DBCE /* GameARView+Gestures.swift */ = {isa = PBXFileReference; lastKnownFileType = sourcecode.swift; path = "GameARView+Gestures.swift"; sourceTree = "<group>"; };
		93B72C352A81ECED0063DBCE /* ARViewContainer.swift */ = {isa = PBXFileReference; lastKnownFileType = sourcecode.swift; path = ARViewContainer.swift; sourceTree = "<group>"; };
		93B72C372A81ED510063DBCE /* GameARView.swift */ = {isa = PBXFileReference; lastKnownFileType = sourcecode.swift; path = GameARView.swift; sourceTree = "<group>"; };
		93B72C3C2A8323250063DBCE /* TreasureAREntity.swift */ = {isa = PBXFileReference; lastKnownFileType = sourcecode.swift; path = TreasureAREntity.swift; sourceTree = "<group>"; };
		93C2C7EC2A7A082400A008A1 /* LocationManager.swift */ = {isa = PBXFileReference; lastKnownFileType = sourcecode.swift; path = LocationManager.swift; sourceTree = "<group>"; };
		93C2C8052A7C8F1F00A008A1 /* GameViewModel.swift */ = {isa = PBXFileReference; lastKnownFileType = sourcecode.swift; path = GameViewModel.swift; sourceTree = "<group>"; };
		93CA123A2A91E8E900F4EE37 /* simd+Helpers.swift */ = {isa = PBXFileReference; lastKnownFileType = sourcecode.swift; path = "simd+Helpers.swift"; sourceTree = "<group>"; };
/* End PBXFileReference section */

/* Begin PBXFrameworksBuildPhase section */
		931EBD8F2A79E3F200C7F88D /* Frameworks */ = {
			isa = PBXFrameworksBuildPhase;
			buildActionMask = 2147483647;
			files = (
			);
			runOnlyForDeploymentPostprocessing = 0;
		};
/* End PBXFrameworksBuildPhase section */

/* Begin PBXGroup section */
		7D2210212A93009F000AF30F /* Fonts */ = {
			isa = PBXGroup;
			children = (
				7D2210222A9300CB000AF30F /* FingerPaint-Regular.ttf */,
			);
			path = Fonts;
			sourceTree = "<group>";
		};
		7DAC07172A7A009E00D9EF5D /* ARModels */ = {
			isa = PBXGroup;
			children = (
				93786FCC2A89CF2C00603DAC /* treasure.usdz */,
				7DAC071A2A7A06F100D9EF5D /* metal_detector.usdz */,
				7DAC07182A7A00AB00D9EF5D /* toy_drummer_idle.usdz */,
			);
			path = ARModels;
			sourceTree = "<group>";
		};
		930299402A808FDA00EF5662 /* Sounds */ = {
			isa = PBXGroup;
			children = (
				7DEE19532A84818400E804B1 /* far.mp3 */,
				93A94DAD2A85F5670022A882 /* clock_tick_sfx.mp3 */,
				93B72C302A81E0C40063DBCE /* treasure_discovery_sfx.mp3 */,
				930299422A808FEB00EF5662 /* close.mp3 */,
			);
			path = Sounds;
			sourceTree = "<group>";
		};
		931EBD892A79E3F200C7F88D = {
			isa = PBXGroup;
			children = (
				931EBD942A79E3F200C7F88D /* TreasureHunt */,
				931EBDA52A79E49600C7F88D /* Configuration */,
				931EBD932A79E3F200C7F88D /* Products */,
			);
			sourceTree = "<group>";
		};
		931EBD932A79E3F200C7F88D /* Products */ = {
			isa = PBXGroup;
			children = (
				931EBD922A79E3F200C7F88D /* TreasureHunt.app */,
			);
			name = Products;
			sourceTree = "<group>";
		};
		931EBD942A79E3F200C7F88D /* TreasureHunt */ = {
			isa = PBXGroup;
			children = (
				93A94DE42A9326880022A882 /* ARView */,
				93A94DE22A9322430022A882 /* Viewmodels */,
				93A94DE12A9322240022A882 /* Views */,
				93A94DDF2A9321E50022A882 /* Extensions */,
				93A94DDE2A9321CC0022A882 /* Utilities */,
				7D2210212A93009F000AF30F /* Fonts */,
				930299402A808FDA00EF5662 /* Sounds */,
				93A9F7BB2A7C9E2D00823CF5 /* Models */,
				7DAC07172A7A009E00D9EF5D /* ARModels */,
				93B72C3B2A8323080063DBCE /* AREntities */,
				931EBD992A79E3F200C7F88D /* Experience.rcproject */,
				93A94DAF2A8634B50022A882 /* Info.plist */,
				931EBD9B2A79E3F300C7F88D /* Assets.xcassets */,
				931EBD952A79E3F200C7F88D /* AppDelegate.swift */,
				931EBD9D2A79E3F300C7F88D /* Preview Content */,
			);
			path = TreasureHunt;
			sourceTree = "<group>";
		};
		931EBD9D2A79E3F300C7F88D /* Preview Content */ = {
			isa = PBXGroup;
			children = (
				931EBD9E2A79E3F300C7F88D /* Preview Assets.xcassets */,
			);
			path = "Preview Content";
			sourceTree = "<group>";
		};
		931EBDA52A79E49600C7F88D /* Configuration */ = {
			isa = PBXGroup;
			children = (
				931EBDA62A79E49600C7F88D /* SampleCode.xcconfig */,
			);
			path = Configuration;
			sourceTree = "<group>";
		};
		93A94DDE2A9321CC0022A882 /* Utilities */ = {
			isa = PBXGroup;
			children = (
				93A94DE02A93220C0022A882 /* Enums */,
				93A94DD72A8A26220022A882 /* MultipeerManager.swift */,
				9302993C2A80844900EF5662 /* SoundManager.swift */,
				932DF1A42A7CB5EB0063AE0F /* MotionManager.swift */,
				93C2C7EC2A7A082400A008A1 /* LocationManager.swift */,
				93269D222A97884200BB40EF /* HapticManager.swift */,
			);
			path = Utilities;
			sourceTree = "<group>";
		};
		93A94DDF2A9321E50022A882 /* Extensions */ = {
			isa = PBXGroup;
			children = (
				931EBDC42A7A151100C7F88D /* CLLocationDegrees+Ext.swift */,
				93A94DA92A8490D70022A882 /* DateComponents+Ext.swift */,
				937C95152A8B12CA00A04098 /* Entity+Ext.swift */,
				93CA123A2A91E8E900F4EE37 /* simd+Helpers.swift */,
				93A94DE52A9376FC0022A882 /* UIApplication+Ext.swift */,
			);
			path = Extensions;
			sourceTree = "<group>";
		};
		93A94DE02A93220C0022A882 /* Enums */ = {
			isa = PBXGroup;
			children = (
				9302993E2A8086A500EF5662 /* MetalDetectorStateEnum.swift */,
			);
			path = Enums;
			sourceTree = "<group>";
		};
		93A94DE12A9322240022A882 /* Views */ = {
			isa = PBXGroup;
			children = (
				931EBD972A79E3F200C7F88D /* ContentView.swift */,
				93A94DA72A8480310022A882 /* EndGameView.swift */,
				93A94DB32A88990E0022A882 /* LobbyView.swift */,
				93A94DA52A847D1D0022A882 /* MainMenuView.swift */,
				93A94DB52A88B2590022A882 /* RoomCreatedView.swift */,
			);
			path = Views;
			sourceTree = "<group>";
		};
		93A94DE22A9322430022A882 /* Viewmodels */ = {
			isa = PBXGroup;
			children = (
				93A94DE32A9322500022A882 /* Game */,
			);
			path = Viewmodels;
			sourceTree = "<group>";
		};
		93A94DE32A9322500022A882 /* Game */ = {
			isa = PBXGroup;
			children = (
				9302994B2A82015D00EF5662 /* GameViewModel+Game.swift */,
				93C2C8052A7C8F1F00A008A1 /* GameViewModel.swift */,
				930299492A82011F00EF5662 /* GameViewModel+Location.swift */,
				93A94DAB2A85DACB0022A882 /* GameViewModel+ARMultipeer.swift */,
			);
			path = Game;
			sourceTree = "<group>";
		};
		93A94DE42A9326880022A882 /* ARView */ = {
			isa = PBXGroup;
			children = (
				93B72C372A81ED510063DBCE /* GameARView.swift */,
				93B72C332A81E7540063DBCE /* GameARView+Gestures.swift */,
				93B72C352A81ECED0063DBCE /* ARViewContainer.swift */,
			);
			path = ARView;
			sourceTree = "<group>";
		};
		93A9F7BB2A7C9E2D00823CF5 /* Models */ = {
			isa = PBXGroup;
			children = (
				93A9F7BC2A7C9E4A00823CF5 /* Treasure.swift */,
				9302994D2A82666B00EF5662 /* GameData.swift */,
				93A94DB92A89C73B0022A882 /* Peer.swift */,
				93A94DDC2A8B6BC60022A882 /* Player.swift */,
				7D2210282A937A19000AF30F /* Phone.swift */,
			);
			path = Models;
			sourceTree = "<group>";
		};
		93B72C3B2A8323080063DBCE /* AREntities */ = {
			isa = PBXGroup;
			children = (
				93B72C3C2A8323250063DBCE /* TreasureAREntity.swift */,
			);
			path = AREntities;
			sourceTree = "<group>";
		};
/* End PBXGroup section */

/* Begin PBXNativeTarget section */
		931EBD912A79E3F200C7F88D /* TreasureHunt */ = {
			isa = PBXNativeTarget;
			buildConfigurationList = 931EBDA22A79E3F300C7F88D /* Build configuration list for PBXNativeTarget "TreasureHunt" */;
			buildPhases = (
				931EBD8E2A79E3F200C7F88D /* Sources */,
				931EBD8F2A79E3F200C7F88D /* Frameworks */,
				931EBD902A79E3F200C7F88D /* Resources */,
				93A9F7BA2A7C940F00823CF5 /* Run SwiftLint Script */,
			);
			buildRules = (
			);
			dependencies = (
			);
			name = TreasureHunt;
			productName = TreasureHunt;
			productReference = 931EBD922A79E3F200C7F88D /* TreasureHunt.app */;
			productType = "com.apple.product-type.application";
		};
/* End PBXNativeTarget section */

/* Begin PBXProject section */
		931EBD8A2A79E3F200C7F88D /* Project object */ = {
			isa = PBXProject;
			attributes = {
				BuildIndependentTargetsInParallel = 1;
				LastSwiftUpdateCheck = 1430;
				LastUpgradeCheck = 1430;
				TargetAttributes = {
					931EBD912A79E3F200C7F88D = {
						CreatedOnToolsVersion = 14.3.1;
					};
				};
			};
			buildConfigurationList = 931EBD8D2A79E3F200C7F88D /* Build configuration list for PBXProject "TreasureHunt" */;
			compatibilityVersion = "Xcode 14.0";
			developmentRegion = en;
			hasScannedForEncodings = 0;
			knownRegions = (
				en,
				Base,
			);
			mainGroup = 931EBD892A79E3F200C7F88D;
			productRefGroup = 931EBD932A79E3F200C7F88D /* Products */;
			projectDirPath = "";
			projectRoot = "";
			targets = (
				931EBD912A79E3F200C7F88D /* TreasureHunt */,
			);
		};
/* End PBXProject section */

/* Begin PBXResourcesBuildPhase section */
		931EBD902A79E3F200C7F88D /* Resources */ = {
			isa = PBXResourcesBuildPhase;
			buildActionMask = 2147483647;
			files = (
				7DEE19542A84818400E804B1 /* far.mp3 in Resources */,
				931EBD9F2A79E3F300C7F88D /* Preview Assets.xcassets in Resources */,
				930299452A808FEB00EF5662 /* close.mp3 in Resources */,
				7DAC07192A7A00AB00D9EF5D /* toy_drummer_idle.usdz in Resources */,
				931EBDA72A79E49600C7F88D /* SampleCode.xcconfig in Resources */,
				93B72C322A81E0C40063DBCE /* treasure_discovery_sfx.mp3 in Resources */,
				931EBD9C2A79E3F300C7F88D /* Assets.xcassets in Resources */,
				93786FCD2A89CF2C00603DAC /* treasure.usdz in Resources */,
				7D2210232A9300CB000AF30F /* FingerPaint-Regular.ttf in Resources */,
				7DAC071B2A7A06F100D9EF5D /* metal_detector.usdz in Resources */,
				93A94DAE2A85F5670022A882 /* clock_tick_sfx.mp3 in Resources */,
			);
			runOnlyForDeploymentPostprocessing = 0;
		};
/* End PBXResourcesBuildPhase section */

/* Begin PBXShellScriptBuildPhase section */
		93A9F7BA2A7C940F00823CF5 /* Run SwiftLint Script */ = {
			isa = PBXShellScriptBuildPhase;
			alwaysOutOfDate = 1;
			buildActionMask = 2147483647;
			files = (
			);
			inputFileListPaths = (
			);
			inputPaths = (
			);
			name = "Run SwiftLint Script";
			outputFileListPaths = (
			);
			outputPaths = (
			);
			runOnlyForDeploymentPostprocessing = 0;
			shellPath = /bin/sh;
			shellScript = "export PATH=\"$PATH:/opt/homebrew/bin\"\nif which swiftlint > /dev/null; then\n  swiftlint\nelse\n  echo \"warning: SwiftLint not installed, download from https://github.com/realm/SwiftLint\"\nfi\n";
		};
/* End PBXShellScriptBuildPhase section */

/* Begin PBXSourcesBuildPhase section */
		931EBD8E2A79E3F200C7F88D /* Sources */ = {
			isa = PBXSourcesBuildPhase;
			buildActionMask = 2147483647;
			files = (
				93A94DA62A847D1D0022A882 /* MainMenuView.swift in Sources */,
				93A94DD82A8A26220022A882 /* MultipeerManager.swift in Sources */,
				93C2C7ED2A7A082400A008A1 /* LocationManager.swift in Sources */,
				9302994C2A82015D00EF5662 /* GameViewModel+Game.swift in Sources */,
				93A94DDD2A8B6BC60022A882 /* Player.swift in Sources */,
				93A94DAA2A8490D70022A882 /* DateComponents+Ext.swift in Sources */,
				9302994A2A82011F00EF5662 /* GameViewModel+Location.swift in Sources */,
				93A94DAC2A85DACB0022A882 /* GameViewModel+ARMultipeer.swift in Sources */,
				93A94DA82A8480310022A882 /* EndGameView.swift in Sources */,
				93B72C3D2A8323250063DBCE /* TreasureAREntity.swift in Sources */,
				93A94DB42A88990E0022A882 /* LobbyView.swift in Sources */,
				93B72C362A81ECED0063DBCE /* ARViewContainer.swift in Sources */,
				93B72C342A81E7540063DBCE /* GameARView+Gestures.swift in Sources */,
				931EBD982A79E3F200C7F88D /* ContentView.swift in Sources */,
				931EBD962A79E3F200C7F88D /* AppDelegate.swift in Sources */,
				93C2C8062A7C8F1F00A008A1 /* GameViewModel.swift in Sources */,
				932DF1A52A7CB5EB0063AE0F /* MotionManager.swift in Sources */,
				93A94DB62A88B2590022A882 /* RoomCreatedView.swift in Sources */,
				7D2210292A937A19000AF30F /* Phone.swift in Sources */,
				93A9F7BD2A7C9E4A00823CF5 /* Treasure.swift in Sources */,
				93B72C382A81ED510063DBCE /* GameARView.swift in Sources */,
				93A94DE62A9376FC0022A882 /* UIApplication+Ext.swift in Sources */,
				9302993F2A8086A500EF5662 /* MetalDetectorStateEnum.swift in Sources */,
				931EBD9A2A79E3F200C7F88D /* Experience.rcproject in Sources */,
				937C95162A8B12CA00A04098 /* Entity+Ext.swift in Sources */,
				93CA123B2A91E8E900F4EE37 /* simd+Helpers.swift in Sources */,
				9302994E2A82666B00EF5662 /* GameData.swift in Sources */,
				931EBDC52A7A151100C7F88D /* CLLocationDegrees+Ext.swift in Sources */,
				9302993D2A80844900EF5662 /* SoundManager.swift in Sources */,
				93269D232A97884200BB40EF /* HapticManager.swift in Sources */,
				93A94DBA2A89C73B0022A882 /* Peer.swift in Sources */,
			);
			runOnlyForDeploymentPostprocessing = 0;
		};
/* End PBXSourcesBuildPhase section */

/* Begin XCBuildConfiguration section */
		931EBDA02A79E3F300C7F88D /* Debug */ = {
			isa = XCBuildConfiguration;
			buildSettings = {
				ALWAYS_SEARCH_USER_PATHS = NO;
				CLANG_ANALYZER_NONNULL = YES;
				CLANG_ANALYZER_NUMBER_OBJECT_CONVERSION = YES_AGGRESSIVE;
				CLANG_CXX_LANGUAGE_STANDARD = "gnu++20";
				CLANG_ENABLE_MODULES = YES;
				CLANG_ENABLE_OBJC_ARC = YES;
				CLANG_ENABLE_OBJC_WEAK = YES;
				CLANG_WARN_BLOCK_CAPTURE_AUTORELEASING = YES;
				CLANG_WARN_BOOL_CONVERSION = YES;
				CLANG_WARN_COMMA = YES;
				CLANG_WARN_CONSTANT_CONVERSION = YES;
				CLANG_WARN_DEPRECATED_OBJC_IMPLEMENTATIONS = YES;
				CLANG_WARN_DIRECT_OBJC_ISA_USAGE = YES_ERROR;
				CLANG_WARN_DOCUMENTATION_COMMENTS = YES;
				CLANG_WARN_EMPTY_BODY = YES;
				CLANG_WARN_ENUM_CONVERSION = YES;
				CLANG_WARN_INFINITE_RECURSION = YES;
				CLANG_WARN_INT_CONVERSION = YES;
				CLANG_WARN_NON_LITERAL_NULL_CONVERSION = YES;
				CLANG_WARN_OBJC_IMPLICIT_RETAIN_SELF = YES;
				CLANG_WARN_OBJC_LITERAL_CONVERSION = YES;
				CLANG_WARN_OBJC_ROOT_CLASS = YES_ERROR;
				CLANG_WARN_QUOTED_INCLUDE_IN_FRAMEWORK_HEADER = YES;
				CLANG_WARN_RANGE_LOOP_ANALYSIS = YES;
				CLANG_WARN_STRICT_PROTOTYPES = YES;
				CLANG_WARN_SUSPICIOUS_MOVE = YES;
				CLANG_WARN_UNGUARDED_AVAILABILITY = YES_AGGRESSIVE;
				CLANG_WARN_UNREACHABLE_CODE = YES;
				CLANG_WARN__DUPLICATE_METHOD_MATCH = YES;
				COPY_PHASE_STRIP = NO;
				DEBUG_INFORMATION_FORMAT = dwarf;
				ENABLE_STRICT_OBJC_MSGSEND = YES;
				ENABLE_TESTABILITY = YES;
				GCC_C_LANGUAGE_STANDARD = gnu11;
				GCC_DYNAMIC_NO_PIC = NO;
				GCC_NO_COMMON_BLOCKS = YES;
				GCC_OPTIMIZATION_LEVEL = 0;
				GCC_PREPROCESSOR_DEFINITIONS = (
					"DEBUG=1",
					"$(inherited)",
				);
				GCC_WARN_64_TO_32_BIT_CONVERSION = YES;
				GCC_WARN_ABOUT_RETURN_TYPE = YES_ERROR;
				GCC_WARN_UNDECLARED_SELECTOR = YES;
				GCC_WARN_UNINITIALIZED_AUTOS = YES_AGGRESSIVE;
				GCC_WARN_UNUSED_FUNCTION = YES;
				GCC_WARN_UNUSED_VARIABLE = YES;
				IPHONEOS_DEPLOYMENT_TARGET = 16.4;
				MTL_ENABLE_DEBUG_INFO = INCLUDE_SOURCE;
				MTL_FAST_MATH = YES;
				ONLY_ACTIVE_ARCH = YES;
				SDKROOT = iphoneos;
				SWIFT_ACTIVE_COMPILATION_CONDITIONS = DEBUG;
				SWIFT_OPTIMIZATION_LEVEL = "-Onone";
			};
			name = Debug;
		};
		931EBDA12A79E3F300C7F88D /* Release */ = {
			isa = XCBuildConfiguration;
			buildSettings = {
				ALWAYS_SEARCH_USER_PATHS = NO;
				CLANG_ANALYZER_NONNULL = YES;
				CLANG_ANALYZER_NUMBER_OBJECT_CONVERSION = YES_AGGRESSIVE;
				CLANG_CXX_LANGUAGE_STANDARD = "gnu++20";
				CLANG_ENABLE_MODULES = YES;
				CLANG_ENABLE_OBJC_ARC = YES;
				CLANG_ENABLE_OBJC_WEAK = YES;
				CLANG_WARN_BLOCK_CAPTURE_AUTORELEASING = YES;
				CLANG_WARN_BOOL_CONVERSION = YES;
				CLANG_WARN_COMMA = YES;
				CLANG_WARN_CONSTANT_CONVERSION = YES;
				CLANG_WARN_DEPRECATED_OBJC_IMPLEMENTATIONS = YES;
				CLANG_WARN_DIRECT_OBJC_ISA_USAGE = YES_ERROR;
				CLANG_WARN_DOCUMENTATION_COMMENTS = YES;
				CLANG_WARN_EMPTY_BODY = YES;
				CLANG_WARN_ENUM_CONVERSION = YES;
				CLANG_WARN_INFINITE_RECURSION = YES;
				CLANG_WARN_INT_CONVERSION = YES;
				CLANG_WARN_NON_LITERAL_NULL_CONVERSION = YES;
				CLANG_WARN_OBJC_IMPLICIT_RETAIN_SELF = YES;
				CLANG_WARN_OBJC_LITERAL_CONVERSION = YES;
				CLANG_WARN_OBJC_ROOT_CLASS = YES_ERROR;
				CLANG_WARN_QUOTED_INCLUDE_IN_FRAMEWORK_HEADER = YES;
				CLANG_WARN_RANGE_LOOP_ANALYSIS = YES;
				CLANG_WARN_STRICT_PROTOTYPES = YES;
				CLANG_WARN_SUSPICIOUS_MOVE = YES;
				CLANG_WARN_UNGUARDED_AVAILABILITY = YES_AGGRESSIVE;
				CLANG_WARN_UNREACHABLE_CODE = YES;
				CLANG_WARN__DUPLICATE_METHOD_MATCH = YES;
				COPY_PHASE_STRIP = NO;
				DEBUG_INFORMATION_FORMAT = "dwarf-with-dsym";
				ENABLE_NS_ASSERTIONS = NO;
				ENABLE_STRICT_OBJC_MSGSEND = YES;
				GCC_C_LANGUAGE_STANDARD = gnu11;
				GCC_NO_COMMON_BLOCKS = YES;
				GCC_WARN_64_TO_32_BIT_CONVERSION = YES;
				GCC_WARN_ABOUT_RETURN_TYPE = YES_ERROR;
				GCC_WARN_UNDECLARED_SELECTOR = YES;
				GCC_WARN_UNINITIALIZED_AUTOS = YES_AGGRESSIVE;
				GCC_WARN_UNUSED_FUNCTION = YES;
				GCC_WARN_UNUSED_VARIABLE = YES;
				IPHONEOS_DEPLOYMENT_TARGET = 16.4;
				MTL_ENABLE_DEBUG_INFO = NO;
				MTL_FAST_MATH = YES;
				SDKROOT = iphoneos;
				SWIFT_COMPILATION_MODE = wholemodule;
				SWIFT_OPTIMIZATION_LEVEL = "-O";
				VALIDATE_PRODUCT = YES;
			};
			name = Release;
		};
		931EBDA32A79E3F300C7F88D /* Debug */ = {
			isa = XCBuildConfiguration;
			buildSettings = {
				ASSETCATALOG_COMPILER_APPICON_NAME = AppIcon;
				ASSETCATALOG_COMPILER_GLOBAL_ACCENT_COLOR_NAME = AccentColor;
				CODE_SIGN_STYLE = Automatic;
				CURRENT_PROJECT_VERSION = 1;
				DEVELOPMENT_ASSET_PATHS = "\"TreasureHunt/Preview Content\"";
				DEVELOPMENT_TEAM = DQPBPU9766;
				ENABLE_PREVIEWS = YES;
				GENERATE_INFOPLIST_FILE = YES;
				INFOPLIST_FILE = TreasureHunt/Info.plist;
				INFOPLIST_KEY_NSCameraUsageDescription = "";
				INFOPLIST_KEY_NSLocalNetworkUsageDescription = "Play Treasure Hunt?";
				INFOPLIST_KEY_NSLocationAlwaysAndWhenInUseUsageDescription = "The app is requesting for your location";
				INFOPLIST_KEY_NSLocationAlwaysUsageDescription = "The app is requesting for your location";
				INFOPLIST_KEY_NSLocationWhenInUseUsageDescription = "The app is requesting for your location";
				INFOPLIST_KEY_UIApplicationSupportsIndirectInputEvents = YES;
				INFOPLIST_KEY_UILaunchScreen_Generation = YES;
				INFOPLIST_KEY_UIRequiredDeviceCapabilities = arkit;
				INFOPLIST_KEY_UIStatusBarHidden = YES;
				INFOPLIST_KEY_UISupportedInterfaceOrientations = UIInterfaceOrientationPortrait;
				LD_RUNPATH_SEARCH_PATHS = (
					"$(inherited)",
					"@executable_path/Frameworks",
				);
				MARKETING_VERSION = 1.0;
				PRODUCT_BUNDLE_IDENTIFIER = com.sneaky.TreasureHunt;
				PRODUCT_NAME = "$(TARGET_NAME)";
				SWIFT_EMIT_LOC_STRINGS = YES;
				SWIFT_VERSION = 5.0;
				TARGETED_DEVICE_FAMILY = "1,2";
			};
			name = Debug;
		};
		931EBDA42A79E3F300C7F88D /* Release */ = {
			isa = XCBuildConfiguration;
			buildSettings = {
				ASSETCATALOG_COMPILER_APPICON_NAME = AppIcon;
				ASSETCATALOG_COMPILER_GLOBAL_ACCENT_COLOR_NAME = AccentColor;
				CODE_SIGN_STYLE = Automatic;
				CURRENT_PROJECT_VERSION = 1;
				DEVELOPMENT_ASSET_PATHS = "\"TreasureHunt/Preview Content\"";
				DEVELOPMENT_TEAM = DQPBPU9766;
				ENABLE_PREVIEWS = YES;
				GENERATE_INFOPLIST_FILE = YES;
				INFOPLIST_FILE = TreasureHunt/Info.plist;
				INFOPLIST_KEY_NSCameraUsageDescription = "";
				INFOPLIST_KEY_NSLocalNetworkUsageDescription = "Play Treasure Hunt?";
				INFOPLIST_KEY_NSLocationAlwaysAndWhenInUseUsageDescription = "The app is requesting for your location";
				INFOPLIST_KEY_NSLocationAlwaysUsageDescription = "The app is requesting for your location";
				INFOPLIST_KEY_NSLocationWhenInUseUsageDescription = "The app is requesting for your location";
				INFOPLIST_KEY_UIApplicationSupportsIndirectInputEvents = YES;
				INFOPLIST_KEY_UILaunchScreen_Generation = YES;
				INFOPLIST_KEY_UIRequiredDeviceCapabilities = arkit;
				INFOPLIST_KEY_UIStatusBarHidden = YES;
				INFOPLIST_KEY_UISupportedInterfaceOrientations = UIInterfaceOrientationPortrait;
				LD_RUNPATH_SEARCH_PATHS = (
					"$(inherited)",
					"@executable_path/Frameworks",
				);
				MARKETING_VERSION = 1.0;
				PRODUCT_BUNDLE_IDENTIFIER = com.sneaky.TreasureHunt;
				PRODUCT_NAME = "$(TARGET_NAME)";
				SWIFT_EMIT_LOC_STRINGS = YES;
				SWIFT_VERSION = 5.0;
				TARGETED_DEVICE_FAMILY = "1,2";
			};
			name = Release;
		};
/* End XCBuildConfiguration section */

/* Begin XCConfigurationList section */
		931EBD8D2A79E3F200C7F88D /* Build configuration list for PBXProject "TreasureHunt" */ = {
			isa = XCConfigurationList;
			buildConfigurations = (
				931EBDA02A79E3F300C7F88D /* Debug */,
				931EBDA12A79E3F300C7F88D /* Release */,
			);
			defaultConfigurationIsVisible = 0;
			defaultConfigurationName = Release;
		};
		931EBDA22A79E3F300C7F88D /* Build configuration list for PBXNativeTarget "TreasureHunt" */ = {
			isa = XCConfigurationList;
			buildConfigurations = (
				931EBDA32A79E3F300C7F88D /* Debug */,
				931EBDA42A79E3F300C7F88D /* Release */,
			);
			defaultConfigurationIsVisible = 0;
			defaultConfigurationName = Release;
		};
/* End XCConfigurationList section */
	};
	rootObject = 931EBD8A2A79E3F200C7F88D /* Project object */;
}
